// !$*UTF8*$!
{
	archiveVersion = 1;
	classes = {
	};
	objectVersion = 46;
	objects = {

/* Begin PBXBuildFile section */
		3C5814931B15EC6500980A53 /* dlp_main_server.cpp in Sources */ = {isa = PBXBuildFile; fileRef = 3C5814921B15EC6500980A53 /* dlp_main_server.cpp */; };
		3CC7535B1B15EE2900481266 /* dlp_core.cpp in Sources */ = {isa = PBXBuildFile; fileRef = 3CC7535A1B15EE2900481266 /* dlp_core.cpp */; };
		3CC7535D1B15F13B00481266 /* Makefile in Sources */ = {isa = PBXBuildFile; fileRef = 3CC7535C1B15F13B00481266 /* Makefile */; };
		3CC753621B16195300481266 /* dlp_core_proxy.cpp in Sources */ = {isa = PBXBuildFile; fileRef = 3CC7535E1B16195300481266 /* dlp_core_proxy.cpp */; };
		3CC753631B16195300481266 /* dlp_core_srs.cpp in Sources */ = {isa = PBXBuildFile; fileRef = 3CC753601B16195300481266 /* dlp_core_srs.cpp */; };
		3CC753651B161AB800481266 /* README.md in Sources */ = {isa = PBXBuildFile; fileRef = 3CC753641B161AB800481266 /* README.md */; };
/* End PBXBuildFile section */

/* Begin PBXCopyFilesBuildPhase section */
		3C15C7141B15EBA2000B8A9A /* CopyFiles */ = {
			isa = PBXCopyFilesBuildPhase;
			buildActionMask = 2147483647;
			dstPath = /usr/share/man/man1/;
			dstSubfolderSpec = 0;
			files = (
			);
			runOnlyForDeploymentPostprocessing = 1;
		};
/* End PBXCopyFilesBuildPhase section */

/* Begin PBXFileReference section */
		3C15C7161B15EBA2000B8A9A /* dolphin */ = {isa = PBXFileReference; explicitFileType = "compiled.mach-o.executable"; includeInIndex = 0; path = dolphin; sourceTree = BUILT_PRODUCTS_DIR; };
		3C5814911B15EC5400980A53 /* dlp_core.hpp */ = {isa = PBXFileReference; fileEncoding = 4; lastKnownFileType = sourcecode.cpp.h; name = dlp_core.hpp; path = ../../../src/core/dlp_core.hpp; sourceTree = "<group>"; };
		3C5814921B15EC6500980A53 /* dlp_main_server.cpp */ = {isa = PBXFileReference; fileEncoding = 4; lastKnownFileType = sourcecode.cpp.cpp; name = dlp_main_server.cpp; path = ../../../src/main/dlp_main_server.cpp; sourceTree = "<group>"; };
		3C71BAFD1B17105100256D1A /* dolphin.conf */ = {isa = PBXFileReference; fileEncoding = 4; lastKnownFileType = text; name = dolphin.conf; path = ../../../conf/dolphin.conf; sourceTree = "<group>"; };
		3CC7535A1B15EE2900481266 /* dlp_core.cpp */ = {isa = PBXFileReference; fileEncoding = 4; lastKnownFileType = sourcecode.cpp.cpp; name = dlp_core.cpp; path = ../../../src/core/dlp_core.cpp; sourceTree = "<group>"; };
		3CC7535C1B15F13B00481266 /* Makefile */ = {isa = PBXFileReference; fileEncoding = 4; lastKnownFileType = sourcecode.make; name = Makefile; path = ../../../Makefile; sourceTree = "<group>"; };
		3CC7535E1B16195300481266 /* dlp_core_proxy.cpp */ = {isa = PBXFileReference; fileEncoding = 4; lastKnownFileType = sourcecode.cpp.cpp; name = dlp_core_proxy.cpp; path = ../../../src/core/dlp_core_proxy.cpp; sourceTree = "<group>"; };
		3CC7535F1B16195300481266 /* dlp_core_proxy.hpp */ = {isa = PBXFileReference; fileEncoding = 4; lastKnownFileType = sourcecode.cpp.h; name = dlp_core_proxy.hpp; path = ../../../src/core/dlp_core_proxy.hpp; sourceTree = "<group>"; };
		3CC753601B16195300481266 /* dlp_core_srs.cpp */ = {isa = PBXFileReference; fileEncoding = 4; lastKnownFileType = sourcecode.cpp.cpp; name = dlp_core_srs.cpp; path = ../../../src/core/dlp_core_srs.cpp; sourceTree = "<group>"; };
		3CC753611B16195300481266 /* dlp_core_srs.hpp */ = {isa = PBXFileReference; fileEncoding = 4; lastKnownFileType = sourcecode.cpp.h; name = dlp_core_srs.hpp; path = ../../../src/core/dlp_core_srs.hpp; sourceTree = "<group>"; };
		3CC753641B161AB800481266 /* README.md */ = {isa = PBXFileReference; fileEncoding = 4; lastKnownFileType = net.daringfireball.markdown; name = README.md; path = ../../../../README.md; sourceTree = "<group>"; };
/* End PBXFileReference section */

/* Begin PBXFrameworksBuildPhase section */
		3C15C7131B15EBA2000B8A9A /* Frameworks */ = {
			isa = PBXFrameworksBuildPhase;
			buildActionMask = 2147483647;
			files = (
			);
			runOnlyForDeploymentPostprocessing = 0;
		};
/* End PBXFrameworksBuildPhase section */

/* Begin PBXGroup section */
		3C15C70D1B15EBA2000B8A9A = {
			isa = PBXGroup;
			children = (
				3C15C7181B15EBA2000B8A9A /* dolphin */,
				3C15C7171B15EBA2000B8A9A /* Products */,
			);
			sourceTree = "<group>";
		};
		3C15C7171B15EBA2000B8A9A /* Products */ = {
			isa = PBXGroup;
			children = (
				3C15C7161B15EBA2000B8A9A /* dolphin */,
			);
			name = Products;
			sourceTree = "<group>";
		};
		3C15C7181B15EBA2000B8A9A /* dolphin */ = {
			isa = PBXGroup;
			children = (
				3C71BAFD1B17105100256D1A /* dolphin.conf */,
				3CC753641B161AB800481266 /* README.md */,
				3CC7535C1B15F13B00481266 /* Makefile */,
				3C5814901B15EC4500980A53 /* core */,
				3C58148F1B15EC3F00980A53 /* main */,
			);
			path = dolphin;
			sourceTree = "<group>";
		};
		3C58148F1B15EC3F00980A53 /* main */ = {
			isa = PBXGroup;
			children = (
				3C5814921B15EC6500980A53 /* dlp_main_server.cpp */,
			);
			name = main;
			sourceTree = "<group>";
		};
		3C5814901B15EC4500980A53 /* core */ = {
			isa = PBXGroup;
			children = (
				3CC7535E1B16195300481266 /* dlp_core_proxy.cpp */,
				3CC7535F1B16195300481266 /* dlp_core_proxy.hpp */,
				3CC753601B16195300481266 /* dlp_core_srs.cpp */,
				3CC753611B16195300481266 /* dlp_core_srs.hpp */,
				3CC7535A1B15EE2900481266 /* dlp_core.cpp */,
				3C5814911B15EC5400980A53 /* dlp_core.hpp */,
			);
			name = core;
			sourceTree = "<group>";
		};
/* End PBXGroup section */

/* Begin PBXNativeTarget section */
		3C15C7151B15EBA2000B8A9A /* dolphin */ = {
			isa = PBXNativeTarget;
			buildConfigurationList = 3C15C71D1B15EBA2000B8A9A /* Build configuration list for PBXNativeTarget "dolphin" */;
			buildPhases = (
				3C15C7121B15EBA2000B8A9A /* Sources */,
				3C15C7131B15EBA2000B8A9A /* Frameworks */,
				3C15C7141B15EBA2000B8A9A /* CopyFiles */,
			);
			buildRules = (
			);
			dependencies = (
			);
			name = dolphin;
			productName = dolphin;
			productReference = 3C15C7161B15EBA2000B8A9A /* dolphin */;
			productType = "com.apple.product-type.tool";
		};
/* End PBXNativeTarget section */

/* Begin PBXProject section */
		3C15C70E1B15EBA2000B8A9A /* Project object */ = {
			isa = PBXProject;
			attributes = {
				LastUpgradeCheck = 0630;
				ORGANIZATIONNAME = winlin;
				TargetAttributes = {
					3C15C7151B15EBA2000B8A9A = {
						CreatedOnToolsVersion = 6.3;
					};
				};
			};
			buildConfigurationList = 3C15C7111B15EBA2000B8A9A /* Build configuration list for PBXProject "dolphin" */;
			compatibilityVersion = "Xcode 3.2";
			developmentRegion = English;
			hasScannedForEncodings = 0;
			knownRegions = (
				en,
			);
			mainGroup = 3C15C70D1B15EBA2000B8A9A;
			productRefGroup = 3C15C7171B15EBA2000B8A9A /* Products */;
			projectDirPath = "";
			projectRoot = "";
			targets = (
				3C15C7151B15EBA2000B8A9A /* dolphin */,
			);
		};
/* End PBXProject section */

/* Begin PBXSourcesBuildPhase section */
		3C15C7121B15EBA2000B8A9A /* Sources */ = {
			isa = PBXSourcesBuildPhase;
			buildActionMask = 2147483647;
			files = (
				3CC753651B161AB800481266 /* README.md in Sources */,
				3CC753621B16195300481266 /* dlp_core_proxy.cpp in Sources */,
				3CC7535D1B15F13B00481266 /* Makefile in Sources */,
				3C5814931B15EC6500980A53 /* dlp_main_server.cpp in Sources */,
				3CC7535B1B15EE2900481266 /* dlp_core.cpp in Sources */,
				3CC753631B16195300481266 /* dlp_core_srs.cpp in Sources */,
			);
			runOnlyForDeploymentPostprocessing = 0;
		};
/* End PBXSourcesBuildPhase section */

/* Begin XCBuildConfiguration section */
		3C15C71B1B15EBA2000B8A9A /* Debug */ = {
			isa = XCBuildConfiguration;
			buildSettings = {
				ALWAYS_SEARCH_USER_PATHS = NO;
				CLANG_CXX_LANGUAGE_STANDARD = "gnu++0x";
				CLANG_CXX_LIBRARY = "libc++";
				CLANG_ENABLE_MODULES = YES;
				CLANG_ENABLE_OBJC_ARC = YES;
				CLANG_WARN_BOOL_CONVERSION = YES;
				CLANG_WARN_CONSTANT_CONVERSION = YES;
				CLANG_WARN_DIRECT_OBJC_ISA_USAGE = YES_ERROR;
				CLANG_WARN_EMPTY_BODY = YES;
				CLANG_WARN_ENUM_CONVERSION = YES;
				CLANG_WARN_INT_CONVERSION = YES;
				CLANG_WARN_OBJC_ROOT_CLASS = YES_ERROR;
				CLANG_WARN_UNREACHABLE_CODE = YES;
				CLANG_WARN__DUPLICATE_METHOD_MATCH = YES;
				COPY_PHASE_STRIP = NO;
				DEBUG_INFORMATION_FORMAT = dwarf;
				ENABLE_STRICT_OBJC_MSGSEND = YES;
				GCC_C_LANGUAGE_STANDARD = gnu99;
				GCC_DYNAMIC_NO_PIC = NO;
				GCC_NO_COMMON_BLOCKS = YES;
				GCC_OPTIMIZATION_LEVEL = 0;
				GCC_PREPROCESSOR_DEFINITIONS = (
					"DEBUG=1",
					"$(inherited)",
				);
				GCC_SYMBOLS_PRIVATE_EXTERN = NO;
				GCC_WARN_64_TO_32_BIT_CONVERSION = YES;
				GCC_WARN_ABOUT_RETURN_TYPE = YES_ERROR;
				GCC_WARN_UNDECLARED_SELECTOR = YES;
				GCC_WARN_UNINITIALIZED_AUTOS = YES_AGGRESSIVE;
				GCC_WARN_UNUSED_FUNCTION = YES;
				GCC_WARN_UNUSED_VARIABLE = YES;
				MACOSX_DEPLOYMENT_TARGET = 10.10;
				MTL_ENABLE_DEBUG_INFO = YES;
				ONLY_ACTIVE_ARCH = YES;
				SDKROOT = macosx;
			};
			name = Debug;
		};
		3C15C71C1B15EBA2000B8A9A /* Release */ = {
			isa = XCBuildConfiguration;
			buildSettings = {
				ALWAYS_SEARCH_USER_PATHS = NO;
				CLANG_CXX_LANGUAGE_STANDARD = "gnu++0x";
				CLANG_CXX_LIBRARY = "libc++";
				CLANG_ENABLE_MODULES = YES;
				CLANG_ENABLE_OBJC_ARC = YES;
				CLANG_WARN_BOOL_CONVERSION = YES;
				CLANG_WARN_CONSTANT_CONVERSION = YES;
				CLANG_WARN_DIRECT_OBJC_ISA_USAGE = YES_ERROR;
				CLANG_WARN_EMPTY_BODY = YES;
				CLANG_WARN_ENUM_CONVERSION = YES;
				CLANG_WARN_INT_CONVERSION = YES;
				CLANG_WARN_OBJC_ROOT_CLASS = YES_ERROR;
				CLANG_WARN_UNREACHABLE_CODE = YES;
				CLANG_WARN__DUPLICATE_METHOD_MATCH = YES;
				COPY_PHASE_STRIP = NO;
				DEBUG_INFORMATION_FORMAT = "dwarf-with-dsym";
				ENABLE_NS_ASSERTIONS = NO;
				ENABLE_STRICT_OBJC_MSGSEND = YES;
				GCC_C_LANGUAGE_STANDARD = gnu99;
				GCC_NO_COMMON_BLOCKS = YES;
				GCC_WARN_64_TO_32_BIT_CONVERSION = YES;
				GCC_WARN_ABOUT_RETURN_TYPE = YES_ERROR;
				GCC_WARN_UNDECLARED_SELECTOR = YES;
				GCC_WARN_UNINITIALIZED_AUTOS = YES_AGGRESSIVE;
				GCC_WARN_UNUSED_FUNCTION = YES;
				GCC_WARN_UNUSED_VARIABLE = YES;
				MACOSX_DEPLOYMENT_TARGET = 10.10;
				MTL_ENABLE_DEBUG_INFO = NO;
				SDKROOT = macosx;
			};
			name = Release;
		};
		3C15C71E1B15EBA2000B8A9A /* Debug */ = {
			isa = XCBuildConfiguration;
			buildSettings = {
				ALWAYS_SEARCH_USER_PATHS = YES;
				CLANG_CXX_LANGUAGE_STANDARD = "c++98";
				GCC_C_LANGUAGE_STANDARD = gnu99;
				PRODUCT_NAME = "$(TARGET_NAME)";
				USER_HEADER_SEARCH_PATHS = "../../src/** ../../objs/st-1.9/obj";
			};
			name = Debug;
		};
		3C15C71F1B15EBA2000B8A9A /* Release */ = {
			isa = XCBuildConfiguration;
			buildSettings = {
				ALWAYS_SEARCH_USER_PATHS = YES;
				CLANG_CXX_LANGUAGE_STANDARD = "c++98";
				GCC_C_LANGUAGE_STANDARD = gnu99;
				PRODUCT_NAME = "$(TARGET_NAME)";
				USER_HEADER_SEARCH_PATHS = "../../src/** ../../objs/st-1.9/obj";
			};
			name = Release;
		};
/* End XCBuildConfiguration section */

/* Begin XCConfigurationList section */
		3C15C7111B15EBA2000B8A9A /* Build configuration list for PBXProject "dolphin" */ = {
			isa = XCConfigurationList;
			buildConfigurations = (
				3C15C71B1B15EBA2000B8A9A /* Debug */,
				3C15C71C1B15EBA2000B8A9A /* Release */,
			);
			defaultConfigurationIsVisible = 0;
			defaultConfigurationName = Release;
		};
		3C15C71D1B15EBA2000B8A9A /* Build configuration list for PBXNativeTarget "dolphin" */ = {
			isa = XCConfigurationList;
			buildConfigurations = (
				3C15C71E1B15EBA2000B8A9A /* Debug */,
				3C15C71F1B15EBA2000B8A9A /* Release */,
			);
			defaultConfigurationIsVisible = 0;
			defaultConfigurationName = Release;
		};
/* End XCConfigurationList section */
	};
	rootObject = 3C15C70E1B15EBA2000B8A9A /* Project object */;
}
